
Microsoft Visual Studio Solution File, Format Version 12.00
# Visual Studio Version 17
VisualStudioVersion = 17.2.32616.157
MinimumVisualStudioVersion = 10.0.40219.1
Project("{FAE04EC0-301F-11D3-BF4B-00C04F79EFBC}") = "Mariam063", "Mariam063\Mariam063.csproj", "{C351E8C8-8419-4DCA-9E8E-4FEA4519ABD6}"
EndProject
Global
	GlobalSection(SolutionConfigurationPlatforms) = preSolution
		Debug|Any CPU = Debug|Any CPU
		Release|Any CPU = Release|Any CPU
	EndGlobalSection
	GlobalSection(ProjectConfigurationPlatforms) = postSolution
		{C351E8C8-8419-4DCA-9E8E-4FEA4519ABD6}.Debug|Any CPU.ActiveCfg = Debug|Any CPU
		{C351E8C8-8419-4DCA-9E8E-4FEA4519ABD6}.Debug|Any CPU.Build.0 = Debug|Any CPU
		{C351E8C8-8419-4DCA-9E8E-4FEA4519ABD6}.Release|Any CPU.ActiveCfg = Release|Any CPU
		{C351E8C8-8419-4DCA-9E8E-4FEA4519ABD6}.Release|Any CPU.Build.0 = Release|Any CPU
	EndGlobalSection
	GlobalSection(SolutionProperties) = preSolution
		HideSolutionNode = FALSE
	EndGlobalSection
	GlobalSection(ExtensibilityGlobals) = postSolution
		SolutionGuid = {E1DF0599-B458-413F-AA50-7DE89CB8506D}
	EndGlobalSection
EndGlobal
